// !$*UTF8*$!
{
	archiveVersion = 1;
	classes = {
	};
	objectVersion = 46;
	objects = {

/* Begin PBXBuildFile section */
		8456C9E91E620B4100C9C104 /* FirstNameCell.xib in Resources */ = {isa = PBXBuildFile; fileRef = 84E805841E5F40C200A8B555 /* FirstNameCell.xib */; };
		84E805651E5F252F00A8B555 /* LaunchScreen.storyboard in Resources */ = {isa = PBXBuildFile; fileRef = 84E805631E5F252F00A8B555 /* LaunchScreen.storyboard */; };
		84E805701E5F2BFD00A8B555 /* Assets.xcassets in Resources */ = {isa = PBXBuildFile; fileRef = 84E8056F1E5F2BFD00A8B555 /* Assets.xcassets */; };
		84E805751E5F2C2200A8B555 /* AppDelegate.swift in Sources */ = {isa = PBXBuildFile; fileRef = 84E805731E5F2C2200A8B555 /* AppDelegate.swift */; };
		84E805761E5F2C2200A8B555 /* MainController.swift in Sources */ = {isa = PBXBuildFile; fileRef = 84E805741E5F2C2200A8B555 /* MainController.swift */; };
		84E805781E5F2C5F00A8B555 /* Main.storyboard in Resources */ = {isa = PBXBuildFile; fileRef = 84E805771E5F2C5F00A8B555 /* Main.storyboard */; };
		84E8057C1E5F3ECA00A8B555 /* Constants.swift in Sources */ = {isa = PBXBuildFile; fileRef = 84E8057B1E5F3ECA00A8B555 /* Constants.swift */; };
		84E8057F1E5F3F2500A8B555 /* ViewControllerProtocol.swift in Sources */ = {isa = PBXBuildFile; fileRef = 84E8057E1E5F3F2500A8B555 /* ViewControllerProtocol.swift */; };
		84E805851E5F40C200A8B555 /* FirstNameCell.swift in Sources */ = {isa = PBXBuildFile; fileRef = 84E805831E5F40C200A8B555 /* FirstNameCell.swift */; };
		84E8058A1E5F443A00A8B555 /* LastNameCell.swift in Sources */ = {isa = PBXBuildFile; fileRef = 84E805881E5F443A00A8B555 /* LastNameCell.swift */; };
		84E8058F1E5F450100A8B555 /* PatronymicCell.swift in Sources */ = {isa = PBXBuildFile; fileRef = 84E8058D1E5F450100A8B555 /* PatronymicCell.swift */; };
		84E805901E5F450100A8B555 /* PatronymicCell.xib in Resources */ = {isa = PBXBuildFile; fileRef = 84E8058E1E5F450100A8B555 /* PatronymicCell.xib */; };
		84E805941E5F46AF00A8B555 /* BirthdayCell.swift in Sources */ = {isa = PBXBuildFile; fileRef = 84E805921E5F46AF00A8B555 /* BirthdayCell.swift */; };
		84E805951E5F46AF00A8B555 /* BirthdayCell.xib in Resources */ = {isa = PBXBuildFile; fileRef = 84E805931E5F46AF00A8B555 /* BirthdayCell.xib */; };
		84E805991E5F485400A8B555 /* GenderCell.swift in Sources */ = {isa = PBXBuildFile; fileRef = 84E805971E5F485400A8B555 /* GenderCell.swift */; };
		84E8059A1E5F485400A8B555 /* GenderCell.xib in Resources */ = {isa = PBXBuildFile; fileRef = 84E805981E5F485400A8B555 /* GenderCell.xib */; };
		84E8059D1E5F61A300A8B555 /* ParentClass.swift in Sources */ = {isa = PBXBuildFile; fileRef = 84E8059C1E5F61A300A8B555 /* ParentClass.swift */; };
		84E805A01E5F702D00A8B555 /* EditController.swift in Sources */ = {isa = PBXBuildFile; fileRef = 84E8059F1E5F702D00A8B555 /* EditController.swift */; };
/* End PBXBuildFile section */

/* Begin PBXFileReference section */
		84E805571E5F252F00A8B555 /* TestTaskApp.app */ = {isa = PBXFileReference; explicitFileType = wrapper.application; includeInIndex = 0; path = TestTaskApp.app; sourceTree = BUILT_PRODUCTS_DIR; };
		84E805641E5F252F00A8B555 /* Base */ = {isa = PBXFileReference; lastKnownFileType = file.storyboard; name = Base; path = Base.lproj/LaunchScreen.storyboard; sourceTree = "<group>"; };
		84E8056F1E5F2BFD00A8B555 /* Assets.xcassets */ = {isa = PBXFileReference; lastKnownFileType = folder.assetcatalog; name = Assets.xcassets; path = Resource/Assets.xcassets; sourceTree = "<group>"; };
		84E805711E5F2C0E00A8B555 /* Info.plist */ = {isa = PBXFileReference; fileEncoding = 4; lastKnownFileType = text.plist.xml; name = Info.plist; path = Resource/Info/Info.plist; sourceTree = "<group>"; };
		84E805731E5F2C2200A8B555 /* AppDelegate.swift */ = {isa = PBXFileReference; fileEncoding = 4; lastKnownFileType = sourcecode.swift; name = AppDelegate.swift; path = Classes/AppDelegate.swift; sourceTree = "<group>"; };
		84E805741E5F2C2200A8B555 /* MainController.swift */ = {isa = PBXFileReference; fileEncoding = 4; lastKnownFileType = sourcecode.swift; name = MainController.swift; path = Classes/MainController.swift; sourceTree = "<group>"; };
		84E805771E5F2C5F00A8B555 /* Main.storyboard */ = {isa = PBXFileReference; fileEncoding = 4; lastKnownFileType = file.storyboard; name = Main.storyboard; path = Resource/Storyboard/Main.storyboard; sourceTree = "<group>"; };
		84E8057B1E5F3ECA00A8B555 /* Constants.swift */ = {isa = PBXFileReference; fileEncoding = 4; lastKnownFileType = sourcecode.swift; name = Constants.swift; path = Common/Constants.swift; sourceTree = "<group>"; };
		84E8057E1E5F3F2500A8B555 /* ViewControllerProtocol.swift */ = {isa = PBXFileReference; fileEncoding = 4; lastKnownFileType = sourcecode.swift; name = ViewControllerProtocol.swift; path = Common/ViewControllerProtocol.swift; sourceTree = "<group>"; };
		84E805831E5F40C200A8B555 /* FirstNameCell.swift */ = {isa = PBXFileReference; fileEncoding = 4; lastKnownFileType = sourcecode.swift; name = FirstNameCell.swift; path = Classes/TableCells/FirstNameCell.swift; sourceTree = "<group>"; };
		84E805841E5F40C200A8B555 /* FirstNameCell.xib */ = {isa = PBXFileReference; fileEncoding = 4; lastKnownFileType = file.xib; name = FirstNameCell.xib; path = Classes/TableCells/FirstNameCell.xib; sourceTree = "<group>"; };
		84E805881E5F443A00A8B555 /* LastNameCell.swift */ = {isa = PBXFileReference; fileEncoding = 4; lastKnownFileType = sourcecode.swift; name = LastNameCell.swift; path = Classes/TableCells/LastNameCell.swift; sourceTree = "<group>"; };
		84E805891E5F443A00A8B555 /* LastNameCell.xib */ = {isa = PBXFileReference; fileEncoding = 4; lastKnownFileType = file.xib; name = LastNameCell.xib; path = Classes/TableCells/LastNameCell.xib; sourceTree = "<group>"; };
		84E8058D1E5F450100A8B555 /* PatronymicCell.swift */ = {isa = PBXFileReference; fileEncoding = 4; lastKnownFileType = sourcecode.swift; name = PatronymicCell.swift; path = Classes/TableCells/PatronymicCell.swift; sourceTree = "<group>"; };
		84E8058E1E5F450100A8B555 /* PatronymicCell.xib */ = {isa = PBXFileReference; fileEncoding = 4; lastKnownFileType = file.xib; name = PatronymicCell.xib; path = Classes/TableCells/PatronymicCell.xib; sourceTree = "<group>"; };
		84E805921E5F46AF00A8B555 /* BirthdayCell.swift */ = {isa = PBXFileReference; fileEncoding = 4; lastKnownFileType = sourcecode.swift; name = BirthdayCell.swift; path = Classes/TableCells/BirthdayCell.swift; sourceTree = "<group>"; };
		84E805931E5F46AF00A8B555 /* BirthdayCell.xib */ = {isa = PBXFileReference; fileEncoding = 4; lastKnownFileType = file.xib; name = BirthdayCell.xib; path = Classes/TableCells/BirthdayCell.xib; sourceTree = "<group>"; };
		84E805971E5F485400A8B555 /* GenderCell.swift */ = {isa = PBXFileReference; fileEncoding = 4; lastKnownFileType = sourcecode.swift; name = GenderCell.swift; path = Classes/TableCells/GenderCell.swift; sourceTree = "<group>"; };
		84E805981E5F485400A8B555 /* GenderCell.xib */ = {isa = PBXFileReference; fileEncoding = 4; lastKnownFileType = file.xib; name = GenderCell.xib; path = Classes/TableCells/GenderCell.xib; sourceTree = "<group>"; };
		84E8059C1E5F61A300A8B555 /* ParentClass.swift */ = {isa = PBXFileReference; fileEncoding = 4; lastKnownFileType = sourcecode.swift; name = ParentClass.swift; path = Classes/ParentClass.swift; sourceTree = "<group>"; };
		84E8059F1E5F702D00A8B555 /* EditController.swift */ = {isa = PBXFileReference; fileEncoding = 4; lastKnownFileType = sourcecode.swift; name = EditController.swift; path = Classes/EditController.swift; sourceTree = "<group>"; };
/* End PBXFileReference section */

/* Begin PBXFrameworksBuildPhase section */
		84E805541E5F252F00A8B555 /* Frameworks */ = {
			isa = PBXFrameworksBuildPhase;
			buildActionMask = 2147483647;
			files = (
			);
			runOnlyForDeploymentPostprocessing = 0;
		};
/* End PBXFrameworksBuildPhase section */

/* Begin PBXGroup section */
		84E8054E1E5F252F00A8B555 = {
			isa = PBXGroup;
			children = (
				84E805591E5F252F00A8B555 /* TestTaskApp */,
				84E805581E5F252F00A8B555 /* Products */,
			);
			sourceTree = "<group>";
		};
		84E805581E5F252F00A8B555 /* Products */ = {
			isa = PBXGroup;
			children = (
				84E805571E5F252F00A8B555 /* TestTaskApp.app */,
			);
			name = Products;
			sourceTree = "<group>";
		};
		84E805591E5F252F00A8B555 /* TestTaskApp */ = {
			isa = PBXGroup;
			children = (
				84E805791E5F2CED00A8B555 /* Classes */,
				84E8056C1E5F2A4800A8B555 /* Resource */,
			);
			path = TestTaskApp;
			sourceTree = "<group>";
		};
		84E8056C1E5F2A4800A8B555 /* Resource */ = {
			isa = PBXGroup;
			children = (
				84E8056E1E5F2A7B00A8B555 /* Info */,
				84E8056D1E5F2A6B00A8B555 /* Storyboard */,
				84E8056F1E5F2BFD00A8B555 /* Assets.xcassets */,
			);
			name = Resource;
			sourceTree = "<group>";
		};
		84E8056D1E5F2A6B00A8B555 /* Storyboard */ = {
			isa = PBXGroup;
			children = (
				84E805771E5F2C5F00A8B555 /* Main.storyboard */,
				84E805631E5F252F00A8B555 /* LaunchScreen.storyboard */,
			);
			name = Storyboard;
			sourceTree = "<group>";
		};
		84E8056E1E5F2A7B00A8B555 /* Info */ = {
			isa = PBXGroup;
			children = (
				84E805711E5F2C0E00A8B555 /* Info.plist */,
			);
			name = Info;
			sourceTree = "<group>";
		};
		84E805791E5F2CED00A8B555 /* Classes */ = {
			isa = PBXGroup;
			children = (
				84E805731E5F2C2200A8B555 /* AppDelegate.swift */,
				84E8059E1E5F61B700A8B555 /* ParentClass */,
				84E805821E5F400300A8B555 /* TableCells */,
				84E8057A1E5F3D0A00A8B555 /* MainController */,
				84E805A11E5F704400A8B555 /* EditController */,
				84E8057D1E5F3ED200A8B555 /* Common */,
			);
			name = Classes;
			sourceTree = "<group>";
		};
		84E8057A1E5F3D0A00A8B555 /* MainController */ = {
			isa = PBXGroup;
			children = (
				84E805741E5F2C2200A8B555 /* MainController.swift */,
			);
			name = MainController;
			sourceTree = "<group>";
		};
		84E8057D1E5F3ED200A8B555 /* Common */ = {
			isa = PBXGroup;
			children = (
				84E8057B1E5F3ECA00A8B555 /* Constants.swift */,
				84E8057E1E5F3F2500A8B555 /* ViewControllerProtocol.swift */,
			);
			name = Common;
			sourceTree = "<group>";
		};
		84E805821E5F400300A8B555 /* TableCells */ = {
			isa = PBXGroup;
			children = (
				84E805871E5F40E400A8B555 /* FirstNameCell */,
				84E8058C1E5F446300A8B555 /* LastNameCell */,
				84E805911E5F450A00A8B555 /* PatronymicCell */,
				84E805961E5F46B600A8B555 /* BirthdayCell */,
				84E8059B1E5F485B00A8B555 /* GenderCell */,
			);
			name = TableCells;
			sourceTree = "<group>";
		};
		84E805871E5F40E400A8B555 /* FirstNameCell */ = {
			isa = PBXGroup;
			children = (
				84E805831E5F40C200A8B555 /* FirstNameCell.swift */,
				84E805841E5F40C200A8B555 /* FirstNameCell.xib */,
			);
			name = FirstNameCell;
			sourceTree = "<group>";
		};
		84E8058C1E5F446300A8B555 /* LastNameCell */ = {
			isa = PBXGroup;
			children = (
				84E805881E5F443A00A8B555 /* LastNameCell.swift */,
				84E805891E5F443A00A8B555 /* LastNameCell.xib */,
			);
			name = LastNameCell;
			sourceTree = "<group>";
		};
		84E805911E5F450A00A8B555 /* PatronymicCell */ = {
			isa = PBXGroup;
			children = (
				84E8058D1E5F450100A8B555 /* PatronymicCell.swift */,
				84E8058E1E5F450100A8B555 /* PatronymicCell.xib */,
			);
			name = PatronymicCell;
			sourceTree = "<group>";
		};
		84E805961E5F46B600A8B555 /* BirthdayCell */ = {
			isa = PBXGroup;
			children = (
				84E805921E5F46AF00A8B555 /* BirthdayCell.swift */,
				84E805931E5F46AF00A8B555 /* BirthdayCell.xib */,
			);
			name = BirthdayCell;
			sourceTree = "<group>";
		};
		84E8059B1E5F485B00A8B555 /* GenderCell */ = {
			isa = PBXGroup;
			children = (
				84E805971E5F485400A8B555 /* GenderCell.swift */,
				84E805981E5F485400A8B555 /* GenderCell.xib */,
			);
			name = GenderCell;
			sourceTree = "<group>";
		};
		84E8059E1E5F61B700A8B555 /* ParentClass */ = {
			isa = PBXGroup;
			children = (
				84E8059C1E5F61A300A8B555 /* ParentClass.swift */,
			);
			name = ParentClass;
			sourceTree = "<group>";
		};
		84E805A11E5F704400A8B555 /* EditController */ = {
			isa = PBXGroup;
			children = (
				84E8059F1E5F702D00A8B555 /* EditController.swift */,
			);
			name = EditController;
			sourceTree = "<group>";
		};
/* End PBXGroup section */

/* Begin PBXNativeTarget section */
		84E805561E5F252F00A8B555 /* TestTaskApp */ = {
			isa = PBXNativeTarget;
			buildConfigurationList = 84E805691E5F252F00A8B555 /* Build configuration list for PBXNativeTarget "TestTaskApp" */;
			buildPhases = (
				84E805531E5F252F00A8B555 /* Sources */,
				84E805541E5F252F00A8B555 /* Frameworks */,
				84E805551E5F252F00A8B555 /* Resources */,
			);
			buildRules = (
			);
			dependencies = (
			);
			name = TestTaskApp;
			productName = TestTaskApp;
			productReference = 84E805571E5F252F00A8B555 /* TestTaskApp.app */;
			productType = "com.apple.product-type.application";
		};
/* End PBXNativeTarget section */

/* Begin PBXProject section */
		84E8054F1E5F252F00A8B555 /* Project object */ = {
			isa = PBXProject;
			attributes = {
				LastSwiftUpdateCheck = 0820;
				LastUpgradeCheck = 0820;
				ORGANIZATIONNAME = "Pavel Samsonov";
				TargetAttributes = {
					84E805561E5F252F00A8B555 = {
						CreatedOnToolsVersion = 8.2.1;
						DevelopmentTeam = R587H6JBHE;
						ProvisioningStyle = Automatic;
					};
				};
			};
			buildConfigurationList = 84E805521E5F252F00A8B555 /* Build configuration list for PBXProject "TestTaskApp" */;
			compatibilityVersion = "Xcode 3.2";
			developmentRegion = English;
			hasScannedForEncodings = 0;
			knownRegions = (
				en,
				Base,
			);
			mainGroup = 84E8054E1E5F252F00A8B555;
			productRefGroup = 84E805581E5F252F00A8B555 /* Products */;
			projectDirPath = "";
			projectRoot = "";
			targets = (
				84E805561E5F252F00A8B555 /* TestTaskApp */,
			);
		};
/* End PBXProject section */

/* Begin PBXResourcesBuildPhase section */
		84E805551E5F252F00A8B555 /* Resources */ = {
			isa = PBXResourcesBuildPhase;
			buildActionMask = 2147483647;
			files = (
				8456C9E91E620B4100C9C104 /* FirstNameCell.xib in Resources */,
				84E805781E5F2C5F00A8B555 /* Main.storyboard in Resources */,
				84E805901E5F450100A8B555 /* PatronymicCell.xib in Resources */,
				84E805651E5F252F00A8B555 /* LaunchScreen.storyboard in Resources */,
				84E805701E5F2BFD00A8B555 /* Assets.xcassets in Resources */,
				84E8059A1E5F485400A8B555 /* GenderCell.xib in Resources */,
				84E805951E5F46AF00A8B555 /* BirthdayCell.xib in Resources */,
			);
			runOnlyForDeploymentPostprocessing = 0;
		};
/* End PBXResourcesBuildPhase section */

/* Begin PBXSourcesBuildPhase section */
		84E805531E5F252F00A8B555 /* Sources */ = {
			isa = PBXSourcesBuildPhase;
			buildActionMask = 2147483647;
			files = (
				84E8058A1E5F443A00A8B555 /* LastNameCell.swift in Sources */,
				84E8057F1E5F3F2500A8B555 /* ViewControllerProtocol.swift in Sources */,
				84E8059D1E5F61A300A8B555 /* ParentClass.swift in Sources */,
				84E805751E5F2C2200A8B555 /* AppDelegate.swift in Sources */,
				84E805991E5F485400A8B555 /* GenderCell.swift in Sources */,
				84E805761E5F2C2200A8B555 /* MainController.swift in Sources */,
				84E805941E5F46AF00A8B555 /* BirthdayCell.swift in Sources */,
				84E805851E5F40C200A8B555 /* FirstNameCell.swift in Sources */,
				84E8058F1E5F450100A8B555 /* PatronymicCell.swift in Sources */,
				84E805A01E5F702D00A8B555 /* EditController.swift in Sources */,
				84E8057C1E5F3ECA00A8B555 /* Constants.swift in Sources */,
			);
			runOnlyForDeploymentPostprocessing = 0;
		};
/* End PBXSourcesBuildPhase section */

/* Begin PBXVariantGroup section */
		84E805631E5F252F00A8B555 /* LaunchScreen.storyboard */ = {
			isa = PBXVariantGroup;
			children = (
				84E805641E5F252F00A8B555 /* Base */,
			);
			name = LaunchScreen.storyboard;
			sourceTree = "<group>";
		};
/* End PBXVariantGroup section */

/* Begin XCBuildConfiguration section */
		84E805671E5F252F00A8B555 /* Debug */ = {
			isa = XCBuildConfiguration;
			buildSettings = {
				ALWAYS_SEARCH_USER_PATHS = NO;
				CLANG_ANALYZER_NONNULL = YES;
				CLANG_CXX_LANGUAGE_STANDARD = "gnu++0x";
				CLANG_CXX_LIBRARY = "libc++";
				CLANG_ENABLE_MODULES = YES;
				CLANG_ENABLE_OBJC_ARC = YES;
				CLANG_WARN_BOOL_CONVERSION = YES;
				CLANG_WARN_CONSTANT_CONVERSION = YES;
				CLANG_WARN_DIRECT_OBJC_ISA_USAGE = YES_ERROR;
				CLANG_WARN_DOCUMENTATION_COMMENTS = YES;
				CLANG_WARN_EMPTY_BODY = YES;
				CLANG_WARN_ENUM_CONVERSION = YES;
				CLANG_WARN_INFINITE_RECURSION = YES;
				CLANG_WARN_INT_CONVERSION = YES;
				CLANG_WARN_OBJC_ROOT_CLASS = YES_ERROR;
				CLANG_WARN_SUSPICIOUS_MOVE = YES;
				CLANG_WARN_UNREACHABLE_CODE = YES;
				CLANG_WARN__DUPLICATE_METHOD_MATCH = YES;
				"CODE_SIGN_IDENTITY[sdk=iphoneos*]" = "iPhone Developer";
				COPY_PHASE_STRIP = NO;
				DEBUG_INFORMATION_FORMAT = dwarf;
				ENABLE_STRICT_OBJC_MSGSEND = YES;
				ENABLE_TESTABILITY = YES;
				GCC_C_LANGUAGE_STANDARD = gnu99;
				GCC_DYNAMIC_NO_PIC = NO;
				GCC_NO_COMMON_BLOCKS = YES;
				GCC_OPTIMIZATION_LEVEL = 0;
				GCC_PREPROCESSOR_DEFINITIONS = (
					"DEBUG=1",
					"$(inherited)",
				);
				GCC_WARN_64_TO_32_BIT_CONVERSION = YES;
				GCC_WARN_ABOUT_RETURN_TYPE = YES_ERROR;
				GCC_WARN_UNDECLARED_SELECTOR = YES;
				GCC_WARN_UNINITIALIZED_AUTOS = YES_AGGRESSIVE;
				GCC_WARN_UNUSED_FUNCTION = YES;
				GCC_WARN_UNUSED_VARIABLE = YES;
				IPHONEOS_DEPLOYMENT_TARGET = 10.2;
				MTL_ENABLE_DEBUG_INFO = YES;
				ONLY_ACTIVE_ARCH = YES;
				SDKROOT = iphoneos;
				SWIFT_ACTIVE_COMPILATION_CONDITIONS = DEBUG;
				SWIFT_OPTIMIZATION_LEVEL = "-Onone";
			};
			name = Debug;
		};
		84E805681E5F252F00A8B555 /* Release */ = {
			isa = XCBuildConfiguration;
			buildSettings = {
				ALWAYS_SEARCH_USER_PATHS = NO;
				CLANG_ANALYZER_NONNULL = YES;
				CLANG_CXX_LANGUAGE_STANDARD = "gnu++0x";
				CLANG_CXX_LIBRARY = "libc++";
				CLANG_ENABLE_MODULES = YES;
				CLANG_ENABLE_OBJC_ARC = YES;
				CLANG_WARN_BOOL_CONVERSION = YES;
				CLANG_WARN_CONSTANT_CONVERSION = YES;
				CLANG_WARN_DIRECT_OBJC_ISA_USAGE = YES_ERROR;
				CLANG_WARN_DOCUMENTATION_COMMENTS = YES;
				CLANG_WARN_EMPTY_BODY = YES;
				CLANG_WARN_ENUM_CONVERSION = YES;
				CLANG_WARN_INFINITE_RECURSION = YES;
				CLANG_WARN_INT_CONVERSION = YES;
				CLANG_WARN_OBJC_ROOT_CLASS = YES_ERROR;
				CLANG_WARN_SUSPICIOUS_MOVE = YES;
				CLANG_WARN_UNREACHABLE_CODE = YES;
				CLANG_WARN__DUPLICATE_METHOD_MATCH = YES;
				"CODE_SIGN_IDENTITY[sdk=iphoneos*]" = "iPhone Developer";
				COPY_PHASE_STRIP = NO;
				DEBUG_INFORMATION_FORMAT = "dwarf-with-dsym";
				ENABLE_NS_ASSERTIONS = NO;
				ENABLE_STRICT_OBJC_MSGSEND = YES;
				GCC_C_LANGUAGE_STANDARD = gnu99;
				GCC_NO_COMMON_BLOCKS = YES;
				GCC_WARN_64_TO_32_BIT_CONVERSION = YES;
				GCC_WARN_ABOUT_RETURN_TYPE = YES_ERROR;
				GCC_WARN_UNDECLARED_SELECTOR = YES;
				GCC_WARN_UNINITIALIZED_AUTOS = YES_AGGRESSIVE;
				GCC_WARN_UNUSED_FUNCTION = YES;
				GCC_WARN_UNUSED_VARIABLE = YES;
				IPHONEOS_DEPLOYMENT_TARGET = 10.2;
				MTL_ENABLE_DEBUG_INFO = NO;
				SDKROOT = iphoneos;
				SWIFT_OPTIMIZATION_LEVEL = "-Owholemodule";
				VALIDATE_PRODUCT = YES;
			};
			name = Release;
		};
		84E8056A1E5F252F00A8B555 /* Debug */ = {
			isa = XCBuildConfiguration;
			buildSettings = {
				ASSETCATALOG_COMPILER_APPICON_NAME = AppIcon;
				DEVELOPMENT_TEAM = R587H6JBHE;
				INFOPLIST_FILE = TestTaskApp/Resource/Info/Info.plist;
				IPHONEOS_DEPLOYMENT_TARGET = 8.0;
				LD_RUNPATH_SEARCH_PATHS = "$(inherited) @executable_path/Frameworks";
				PRODUCT_BUNDLE_IDENTIFIER = com.samsonovpavel.home.TestTaskApp;
				PRODUCT_NAME = "$(TARGET_NAME)";
				SWIFT_VERSION = 3.0;
			};
			name = Debug;
		};
		84E8056B1E5F252F00A8B555 /* Release */ = {
			isa = XCBuildConfiguration;
			buildSettings = {
				ASSETCATALOG_COMPILER_APPICON_NAME = AppIcon;
				DEVELOPMENT_TEAM = R587H6JBHE;
				INFOPLIST_FILE = TestTaskApp/Resource/Info/Info.plist;
				IPHONEOS_DEPLOYMENT_TARGET = 8.0;
				LD_RUNPATH_SEARCH_PATHS = "$(inherited) @executable_path/Frameworks";
				PRODUCT_BUNDLE_IDENTIFIER = com.samsonovpavel.home.TestTaskApp;
				PRODUCT_NAME = "$(TARGET_NAME)";
				SWIFT_VERSION = 3.0;
			};
			name = Release;
		};
/* End XCBuildConfiguration section */

/* Begin XCConfigurationList section */
		84E805521E5F252F00A8B555 /* Build configuration list for PBXProject "TestTaskApp" */ = {
			isa = XCConfigurationList;
			buildConfigurations = (
				84E805671E5F252F00A8B555 /* Debug */,
				84E805681E5F252F00A8B555 /* Release */,
			);
			defaultConfigurationIsVisible = 0;
			defaultConfigurationName = Release;
		};
		84E805691E5F252F00A8B555 /* Build configuration list for PBXNativeTarget "TestTaskApp" */ = {
			isa = XCConfigurationList;
			buildConfigurations = (
				84E8056A1E5F252F00A8B555 /* Debug */,
				84E8056B1E5F252F00A8B555 /* Release */,
			);
			defaultConfigurationIsVisible = 0;
			defaultConfigurationName = Release;
		};
/* End XCConfigurationList section */
	};
	rootObject = 84E8054F1E5F252F00A8B555 /* Project object */;
}
